{
  "name": "hello-expense-tracker",
  "version": "1.0.0",
  "lockfileVersion": 3,
  "requires": true,
  "packages": {
    "": {
      "name": "hello-expense-tracker",
      "version": "1.0.0",
      "license": "ISC",
      "devDependencies": {
        "@types/gapi": "^0.0.47",
        "@types/gapi.client.sheets-v4": "^0.0.4",
        "@types/google.accounts": "^0.0.18",
        "typescript": "^5.9.2"
      }
    },
    "node_modules/@maxim_mazurok/gapi.client.discovery-v1": {
      "version": "0.4.20200806",
      "resolved": "https://registry.npmjs.org/@maxim_mazurok/gapi.client.discovery-v1/-/gapi.client.discovery-v1-0.4.20200806.tgz",
      "integrity": "sha512-Jeo/KZqK39DI6ExXHcJ4lqnn1O/wEqboQ6eQ8WnNpu5eJ7wUnX/C5KazOgs1aRhnIB/dVzDe8wm62nmtkMIoaw==",
      "dev": true,
      "license": "MIT",
      "dependencies": {
        "@types/gapi.client": "*",
        "@types/gapi.client.discovery-v1": "*"
      }
    },
    "node_modules/@maxim_mazurok/gapi.client.sheets-v4": {
      "version": "0.1.20250922",
      "resolved": "https://registry.npmjs.org/@maxim_mazurok/gapi.client.sheets-v4/-/gapi.client.sheets-v4-0.1.20250922.tgz",
      "integrity": "sha512-QTfgesXzQZXbsZ4byVZApSOJSw7oKEIZSXWYTvydLFVt4VwUZlvil0ZcW9ZK75TixmfklVg2bYoDfVPweiiS3w==",
      "dev": true,
      "license": "MIT",
      "dependencies": {
        "@types/gapi.client": "*",
        "@types/gapi.client.discovery-v1": "*"
      }
    },
    "node_modules/@types/gapi": {
      "version": "0.0.47",
      "resolved": "https://registry.npmjs.org/@types/gapi/-/gapi-0.0.47.tgz",
      "integrity": "sha512-/ZsLuq6BffMgbKMtZyDZ8vwQvTyKhKQ1G2K6VyWCgtHHhfSSXbk4+4JwImZiTjWNXfI2q1ZStAwFFHSkNoTkHA==",
      "dev": true,
      "license": "MIT"
    },
    "node_modules/@types/gapi.client": {
      "version": "1.0.8",
      "resolved": "https://registry.npmjs.org/@types/gapi.client/-/gapi.client-1.0.8.tgz",
      "integrity": "sha512-qJQUmmumbYym3Amax0S8CVzuSngcXsC1fJdwRS2zeW5lM63zXkw4wJFP+bG0jzgi0R6EsJKoHnGNVTDbOyG1ng==",
      "dev": true,
      "license": "MIT"
    },
    "node_modules/@types/gapi.client.discovery-v1": {
      "version": "0.0.4",
      "resolved": "https://registry.npmjs.org/@types/gapi.client.discovery-v1/-/gapi.client.discovery-v1-0.0.4.tgz",
      "integrity": "sha512-uevhRumNE65F5mf2gABLaReOmbFSXONuzFZjNR3dYv6BmkHg+wciubHrfBAsp3554zNo3Dcg6dUAlwMqQfpwjQ==",
      "dev": true,
      "license": "MIT",
      "dependencies": {
        "@maxim_mazurok/gapi.client.discovery-v1": "latest"
      }
    },
    "node_modules/@types/gapi.client.sheets-v4": {
      "version": "0.0.4",
      "resolved": "https://registry.npmjs.org/@types/gapi.client.sheets-v4/-/gapi.client.sheets-v4-0.0.4.tgz",
      "integrity": "sha512-6kTJ7aDMAElfdQV1XzVJmZWjgbibpa84DMuKuaN8Cwqci/dkglPyHXKvsGrRugmuYvgFYr35AQqwz6j3q8R0dw==",
      "dev": true,
      "license": "MIT",
      "dependencies": {
        "@maxim_mazurok/gapi.client.sheets-v4": "latest"
      }
    },
    "node_modules/@types/google.accounts": {
      "version": "0.0.18",
      "resolved": "https://registry.npmjs.org/@types/google.accounts/-/google.accounts-0.0.18.tgz",
      "integrity": "sha512-yHaPznll97ZnMJlPABHyeiIlLn3u6gQaUjA5k/O9lrrpgFB9VT10CKPLuKM0qTHMl50uXpW5sIcG+utm8jMOHw==",
      "dev": true,
      "license": "MIT"
    },
    "node_modules/typescript": {
      "version": "5.9.2",
      "resolved": "https://registry.npmjs.org/typescript/-/typescript-5.9.2.tgz",
      "integrity": "sha512-CWBzXQrc/qOkhidw1OzBTQuYRbfyxDXJMVJ1XNwUHGROVmuaeiEm3OslpZ1RV96d7SKKjZKrSJu3+t/xlw3R9A==",
      "dev": true,
      "license": "Apache-2.0",
      "bin": {
        "tsc": "bin/tsc",
        "tsserver": "bin/tsserver"
      },
      "engines": {
        "node": ">=14.17"
      }
    }
  }
}
